
Microsoft Visual Studio Solution File, Format Version 12.00
# Visual Studio Version 17
VisualStudioVersion = 17.5.002.0
MinimumVisualStudioVersion = 10.0.40219.1
Project("{9A19103F-16F7-4668-BE54-9A1E7A4F7556}") = "MvcMovie", "MvcMovie.csproj", "{47F2436E-3254-4855-B8D2-F6309E5D599D}"
EndProject
Global
	GlobalSection(SolutionConfigurationPlatforms) = preSolution
		Debug|Any CPU = Debug|Any CPU
		Release|Any CPU = Release|Any CPU
	EndGlobalSection
	GlobalSection(ProjectConfigurationPlatforms) = postSolution
		{47F2436E-3254-4855-B8D2-F6309E5D599D}.Debug|Any CPU.ActiveCfg = Debug|Any CPU
		{47F2436E-3254-4855-B8D2-F6309E5D599D}.Debug|Any CPU.Build.0 = Debug|Any CPU
		{47F2436E-3254-4855-B8D2-F6309E5D599D}.Release|Any CPU.ActiveCfg = Release|Any CPU
		{47F2436E-3254-4855-B8D2-F6309E5D599D}.Release|Any CPU.Build.0 = Release|Any CPU
	EndGlobalSection
	GlobalSection(SolutionProperties) = preSolution
		HideSolutionNode = FALSE
	EndGlobalSection
	GlobalSection(ExtensibilityGlobals) = postSolution
		SolutionGuid = {1CBD3F1B-E8FB-4256-B70F-D7634DE38963}
	EndGlobalSection
EndGlobal
